
Microsoft Visual Studio Solution File, Format Version 12.00
# Visual Studio Version 16
VisualStudioVersion = 16.0.30517.126
MinimumVisualStudioVersion = 10.0.40219.1
Project("{FAE04EC0-301F-11D3-BF4B-00C04F79EFBC}") = "YICG.Apps.Teams.DigitalKnowBot", "YICG.Apps.Teams.DigitalKnowBot\YICG.Apps.Teams.DigitalKnowBot.csproj", "{C312D57E-7340-4CA8-9854-AAE920EB0802}"
EndProject
Global
	GlobalSection(SolutionConfigurationPlatforms) = preSolution
		Debug|Any CPU = Debug|Any CPU
		Release|Any CPU = Release|Any CPU
	EndGlobalSection
	GlobalSection(ProjectConfigurationPlatforms) = postSolution
		{C312D57E-7340-4CA8-9854-AAE920EB0802}.Debug|Any CPU.ActiveCfg = Debug|Any CPU
		{C312D57E-7340-4CA8-9854-AAE920EB0802}.Debug|Any CPU.Build.0 = Debug|Any CPU
		{C312D57E-7340-4CA8-9854-AAE920EB0802}.Release|Any CPU.ActiveCfg = Release|Any CPU
		{C312D57E-7340-4CA8-9854-AAE920EB0802}.Release|Any CPU.Build.0 = Release|Any CPU
	EndGlobalSection
	GlobalSection(SolutionProperties) = preSolution
		HideSolutionNode = FALSE
	EndGlobalSection
	GlobalSection(ExtensibilityGlobals) = postSolution
		SolutionGuid = {87246DCF-0207-4411-A060-810DDDA4EE92}
	EndGlobalSection
EndGlobal
